// !$*UTF8*$!
{
	archiveVersion = 1;
	classes = {
	};
	objectVersion = 46;
	objects = {

/* Begin PBXBuildFile section */
		EA68F1F91C531B330052EB08 /* main.m in Sources */ = {isa = PBXBuildFile; fileRef = EA68F1F81C531B330052EB08 /* main.m */; };
		EA68F1FC1C531B330052EB08 /* AppDelegate.m in Sources */ = {isa = PBXBuildFile; fileRef = EA68F1FB1C531B330052EB08 /* AppDelegate.m */; };
		EA68F2021C531B330052EB08 /* Main.storyboard in Resources */ = {isa = PBXBuildFile; fileRef = EA68F2001C531B330052EB08 /* Main.storyboard */; };
		EA68F2041C531B330052EB08 /* Images.xcassets in Resources */ = {isa = PBXBuildFile; fileRef = EA68F2031C531B330052EB08 /* Images.xcassets */; };
		EA68F2071C531B330052EB08 /* LaunchScreen.xib in Resources */ = {isa = PBXBuildFile; fileRef = EA68F2051C531B330052EB08 /* LaunchScreen.xib */; };
		EA68F2131C531B330052EB08 /* Xcode_testTests.m in Sources */ = {isa = PBXBuildFile; fileRef = EA68F2121C531B330052EB08 /* Xcode_testTests.m */; };
		EA68F2291C5323710052EB08 /* PublicFunctions.m in Sources */ = {isa = PBXBuildFile; fileRef = EA68F2261C5323710052EB08 /* PublicFunctions.m */; };
		EA68F22A1C5323710052EB08 /* SNavigationBar.m in Sources */ = {isa = PBXBuildFile; fileRef = EA68F2281C5323710052EB08 /* SNavigationBar.m */; };
		EA68F23B1C5358110052EB08 /* ViewController.m in Sources */ = {isa = PBXBuildFile; fileRef = EA68F23A1C5358110052EB08 /* ViewController.m */; };
		EA68F23F1C5358D50052EB08 /* S001ViewController.m in Sources */ = {isa = PBXBuildFile; fileRef = EA68F23D1C5358D50052EB08 /* S001ViewController.m */; };
		EA68F2401C5358D50052EB08 /* S001ViewController.xib in Resources */ = {isa = PBXBuildFile; fileRef = EA68F23E1C5358D50052EB08 /* S001ViewController.xib */; };
		EA68F2431C5366B10052EB08 /* back.png in Resources */ = {isa = PBXBuildFile; fileRef = EA68F2411C5366B10052EB08 /* back.png */; };
		EA68F2441C5366B10052EB08 /* back@2x.png in Resources */ = {isa = PBXBuildFile; fileRef = EA68F2421C5366B10052EB08 /* back@2x.png */; };
/* End PBXBuildFile section */

/* Begin PBXContainerItemProxy section */
		EA68F20D1C531B330052EB08 /* PBXContainerItemProxy */ = {
			isa = PBXContainerItemProxy;
			containerPortal = EA68F1EB1C531B330052EB08 /* Project object */;
			proxyType = 1;
			remoteGlobalIDString = EA68F1F21C531B330052EB08;
			remoteInfo = Xcode_test;
		};
/* End PBXContainerItemProxy section */

/* Begin PBXFileReference section */
		EA68F1F31C531B330052EB08 /* Xcode_test.app */ = {isa = PBXFileReference; explicitFileType = wrapper.application; includeInIndex = 0; path = Xcode_test.app; sourceTree = BUILT_PRODUCTS_DIR; };
		EA68F1F71C531B330052EB08 /* Info.plist */ = {isa = PBXFileReference; lastKnownFileType = text.plist.xml; path = Info.plist; sourceTree = "<group>"; };
		EA68F1F81C531B330052EB08 /* main.m */ = {isa = PBXFileReference; lastKnownFileType = sourcecode.c.objc; path = main.m; sourceTree = "<group>"; };
		EA68F1FA1C531B330052EB08 /* AppDelegate.h */ = {isa = PBXFileReference; lastKnownFileType = sourcecode.c.h; path = AppDelegate.h; sourceTree = "<group>"; };
		EA68F1FB1C531B330052EB08 /* AppDelegate.m */ = {isa = PBXFileReference; lastKnownFileType = sourcecode.c.objc; path = AppDelegate.m; sourceTree = "<group>"; };
		EA68F1FD1C531B330052EB08 /* ViewController.h */ = {isa = PBXFileReference; lastKnownFileType = sourcecode.c.h; path = ViewController.h; sourceTree = "<group>"; };
		EA68F2011C531B330052EB08 /* Base */ = {isa = PBXFileReference; lastKnownFileType = file.storyboard; name = Base; path = Base.lproj/Main.storyboard; sourceTree = "<group>"; };
		EA68F2031C531B330052EB08 /* Images.xcassets */ = {isa = PBXFileReference; lastKnownFileType = folder.assetcatalog; path = Images.xcassets; sourceTree = "<group>"; };
		EA68F2061C531B330052EB08 /* Base */ = {isa = PBXFileReference; lastKnownFileType = file.xib; name = Base; path = Base.lproj/LaunchScreen.xib; sourceTree = "<group>"; };
		EA68F20C1C531B330052EB08 /* Xcode_testTests.xctest */ = {isa = PBXFileReference; explicitFileType = wrapper.cfbundle; includeInIndex = 0; path = Xcode_testTests.xctest; sourceTree = BUILT_PRODUCTS_DIR; };
		EA68F2111C531B330052EB08 /* Info.plist */ = {isa = PBXFileReference; lastKnownFileType = text.plist.xml; path = Info.plist; sourceTree = "<group>"; };
		EA68F2121C531B330052EB08 /* Xcode_testTests.m */ = {isa = PBXFileReference; lastKnownFileType = sourcecode.c.objc; path = Xcode_testTests.m; sourceTree = "<group>"; };
		EA68F2241C5323710052EB08 /* Manager.h */ = {isa = PBXFileReference; fileEncoding = 4; lastKnownFileType = sourcecode.c.h; path = Manager.h; sourceTree = "<group>"; };
		EA68F2251C5323710052EB08 /* PublicFunctions.h */ = {isa = PBXFileReference; fileEncoding = 4; lastKnownFileType = sourcecode.c.h; path = PublicFunctions.h; sourceTree = "<group>"; };
		EA68F2261C5323710052EB08 /* PublicFunctions.m */ = {isa = PBXFileReference; fileEncoding = 4; lastKnownFileType = sourcecode.c.objc; path = PublicFunctions.m; sourceTree = "<group>"; };
		EA68F2271C5323710052EB08 /* SNavigationBar.h */ = {isa = PBXFileReference; fileEncoding = 4; lastKnownFileType = sourcecode.c.h; path = SNavigationBar.h; sourceTree = "<group>"; };
		EA68F2281C5323710052EB08 /* SNavigationBar.m */ = {isa = PBXFileReference; fileEncoding = 4; lastKnownFileType = sourcecode.c.objc; path = SNavigationBar.m; sourceTree = "<group>"; };
		EA68F2361C5350AF0052EB08 /* StudyHeader.h */ = {isa = PBXFileReference; lastKnownFileType = sourcecode.c.h; path = StudyHeader.h; sourceTree = "<group>"; };
		EA68F23A1C5358110052EB08 /* ViewController.m */ = {isa = PBXFileReference; fileEncoding = 4; lastKnownFileType = sourcecode.c.objc; path = ViewController.m; sourceTree = "<group>"; };
		EA68F23C1C5358D50052EB08 /* S001ViewController.h */ = {isa = PBXFileReference; fileEncoding = 4; lastKnownFileType = sourcecode.c.h; path = S001ViewController.h; sourceTree = "<group>"; };
		EA68F23D1C5358D50052EB08 /* S001ViewController.m */ = {isa = PBXFileReference; fileEncoding = 4; lastKnownFileType = sourcecode.c.objc; path = S001ViewController.m; sourceTree = "<group>"; };
		EA68F23E1C5358D50052EB08 /* S001ViewController.xib */ = {isa = PBXFileReference; fileEncoding = 4; lastKnownFileType = file.xib; path = S001ViewController.xib; sourceTree = "<group>"; };
		EA68F2411C5366B10052EB08 /* back.png */ = {isa = PBXFileReference; lastKnownFileType = image.png; path = back.png; sourceTree = "<group>"; };
		EA68F2421C5366B10052EB08 /* back@2x.png */ = {isa = PBXFileReference; lastKnownFileType = image.png; path = "back@2x.png"; sourceTree = "<group>"; };
/* End PBXFileReference section */

/* Begin PBXFrameworksBuildPhase section */
		EA68F1F01C531B330052EB08 /* Frameworks */ = {
			isa = PBXFrameworksBuildPhase;
			buildActionMask = 2147483647;
			files = (
			);
			runOnlyForDeploymentPostprocessing = 0;
		};
		EA68F2091C531B330052EB08 /* Frameworks */ = {
			isa = PBXFrameworksBuildPhase;
			buildActionMask = 2147483647;
			files = (
			);
			runOnlyForDeploymentPostprocessing = 0;
		};
/* End PBXFrameworksBuildPhase section */

/* Begin PBXGroup section */
		EA68F1EA1C531B330052EB08 = {
			isa = PBXGroup;
			children = (
				EA68F1F51C531B330052EB08 /* Xcode_test */,
				EA68F20F1C531B330052EB08 /* Xcode_testTests */,
				EA68F1F41C531B330052EB08 /* Products */,
			);
			sourceTree = "<group>";
		};
		EA68F1F41C531B330052EB08 /* Products */ = {
			isa = PBXGroup;
			children = (
				EA68F1F31C531B330052EB08 /* Xcode_test.app */,
				EA68F20C1C531B330052EB08 /* Xcode_testTests.xctest */,
			);
			name = Products;
			sourceTree = "<group>";
		};
		EA68F1F51C531B330052EB08 /* Xcode_test */ = {
			isa = PBXGroup;
			children = (
				EA68F22B1C534B490052EB08 /* Study */,
				EA68F2231C53233F0052EB08 /* Tools */,
				EA68F1FA1C531B330052EB08 /* AppDelegate.h */,
				EA68F1FB1C531B330052EB08 /* AppDelegate.m */,
				EA68F1FD1C531B330052EB08 /* ViewController.h */,
				EA68F23A1C5358110052EB08 /* ViewController.m */,
				EA68F2001C531B330052EB08 /* Main.storyboard */,
				EA68F2031C531B330052EB08 /* Images.xcassets */,
				EA68F2051C531B330052EB08 /* LaunchScreen.xib */,
				EA68F1F61C531B330052EB08 /* Supporting Files */,
			);
			path = Xcode_test;
			sourceTree = "<group>";
		};
		EA68F1F61C531B330052EB08 /* Supporting Files */ = {
			isa = PBXGroup;
			children = (
				EA68F1F71C531B330052EB08 /* Info.plist */,
				EA68F1F81C531B330052EB08 /* main.m */,
			);
			name = "Supporting Files";
			sourceTree = "<group>";
		};
		EA68F20F1C531B330052EB08 /* Xcode_testTests */ = {
			isa = PBXGroup;
			children = (
				EA68F2121C531B330052EB08 /* Xcode_testTests.m */,
				EA68F2101C531B330052EB08 /* Supporting Files */,
			);
			path = Xcode_testTests;
			sourceTree = "<group>";
		};
		EA68F2101C531B330052EB08 /* Supporting Files */ = {
			isa = PBXGroup;
			children = (
				EA68F2111C531B330052EB08 /* Info.plist */,
			);
			name = "Supporting Files";
			sourceTree = "<group>";
		};
		EA68F2231C53233F0052EB08 /* Tools */ = {
			isa = PBXGroup;
			children = (
				EA68F2411C5366B10052EB08 /* back.png */,
				EA68F2421C5366B10052EB08 /* back@2x.png */,
				EA68F2241C5323710052EB08 /* Manager.h */,
				EA68F2251C5323710052EB08 /* PublicFunctions.h */,
				EA68F2261C5323710052EB08 /* PublicFunctions.m */,
				EA68F2271C5323710052EB08 /* SNavigationBar.h */,
				EA68F2281C5323710052EB08 /* SNavigationBar.m */,
			);
			path = Tools;
			sourceTree = "<group>";
		};
		EA68F22B1C534B490052EB08 /* Study */ = {
			isa = PBXGroup;
			children = (
				EA68F2361C5350AF0052EB08 /* StudyHeader.h */,
				EA68F23C1C5358D50052EB08 /* S001ViewController.h */,
				EA68F23D1C5358D50052EB08 /* S001ViewController.m */,
				EA68F23E1C5358D50052EB08 /* S001ViewController.xib */,
			);
			path = Study;
			sourceTree = "<group>";
		};
/* End PBXGroup section */

/* Begin PBXNativeTarget section */
		EA68F1F21C531B330052EB08 /* Xcode_test */ = {
			isa = PBXNativeTarget;
			buildConfigurationList = EA68F2161C531B330052EB08 /* Build configuration list for PBXNativeTarget "Xcode_test" */;
			buildPhases = (
				EA68F1EF1C531B330052EB08 /* Sources */,
				EA68F1F01C531B330052EB08 /* Frameworks */,
				EA68F1F11C531B330052EB08 /* Resources */,
			);
			buildRules = (
			);
			dependencies = (
			);
			name = Xcode_test;
			productName = Xcode_test;
			productReference = EA68F1F31C531B330052EB08 /* Xcode_test.app */;
			productType = "com.apple.product-type.application";
		};
		EA68F20B1C531B330052EB08 /* Xcode_testTests */ = {
			isa = PBXNativeTarget;
			buildConfigurationList = EA68F2191C531B330052EB08 /* Build configuration list for PBXNativeTarget "Xcode_testTests" */;
			buildPhases = (
				EA68F2081C531B330052EB08 /* Sources */,
				EA68F2091C531B330052EB08 /* Frameworks */,
				EA68F20A1C531B330052EB08 /* Resources */,
			);
			buildRules = (
			);
			dependencies = (
				EA68F20E1C531B330052EB08 /* PBXTargetDependency */,
			);
			name = Xcode_testTests;
			productName = Xcode_testTests;
			productReference = EA68F20C1C531B330052EB08 /* Xcode_testTests.xctest */;
			productType = "com.apple.product-type.bundle.unit-test";
		};
/* End PBXNativeTarget section */

/* Begin PBXProject section */
		EA68F1EB1C531B330052EB08 /* Project object */ = {
			isa = PBXProject;
			attributes = {
				LastUpgradeCheck = 0640;
				ORGANIZATIONNAME = SunJishuai;
				TargetAttributes = {
					EA68F1F21C531B330052EB08 = {
						CreatedOnToolsVersion = 6.4;
						DevelopmentTeam = CZ9JBXNS2F;
					};
					EA68F20B1C531B330052EB08 = {
						CreatedOnToolsVersion = 6.4;
						TestTargetID = EA68F1F21C531B330052EB08;
					};
				};
			};
			buildConfigurationList = EA68F1EE1C531B330052EB08 /* Build configuration list for PBXProject "Xcode_test" */;
			compatibilityVersion = "Xcode 3.2";
			developmentRegion = English;
			hasScannedForEncodings = 0;
			knownRegions = (
				en,
				Base,
			);
			mainGroup = EA68F1EA1C531B330052EB08;
			productRefGroup = EA68F1F41C531B330052EB08 /* Products */;
			projectDirPath = "";
			projectRoot = "";
			targets = (
				EA68F1F21C531B330052EB08 /* Xcode_test */,
				EA68F20B1C531B330052EB08 /* Xcode_testTests */,
			);
		};
/* End PBXProject section */

/* Begin PBXResourcesBuildPhase section */
		EA68F1F11C531B330052EB08 /* Resources */ = {
			isa = PBXResourcesBuildPhase;
			buildActionMask = 2147483647;
			files = (
				EA68F2021C531B330052EB08 /* Main.storyboard in Resources */,
				EA68F2431C5366B10052EB08 /* back.png in Resources */,
				EA68F2071C531B330052EB08 /* LaunchScreen.xib in Resources */,
				EA68F2401C5358D50052EB08 /* S001ViewController.xib in Resources */,
				EA68F2041C531B330052EB08 /* Images.xcassets in Resources */,
				EA68F2441C5366B10052EB08 /* back@2x.png in Resources */,
			);
			runOnlyForDeploymentPostprocessing = 0;
		};
		EA68F20A1C531B330052EB08 /* Resources */ = {
			isa = PBXResourcesBuildPhase;
			buildActionMask = 2147483647;
			files = (
			);
			runOnlyForDeploymentPostprocessing = 0;
		};
/* End PBXResourcesBuildPhase section */

/* Begin PBXSourcesBuildPhase section */
		EA68F1EF1C531B330052EB08 /* Sources */ = {
			isa = PBXSourcesBuildPhase;
			buildActionMask = 2147483647;
			files = (
				EA68F23B1C5358110052EB08 /* ViewController.m in Sources */,
				EA68F22A1C5323710052EB08 /* SNavigationBar.m in Sources */,
				EA68F23F1C5358D50052EB08 /* S001ViewController.m in Sources */,
				EA68F2291C5323710052EB08 /* PublicFunctions.m in Sources */,
				EA68F1FC1C531B330052EB08 /* AppDelegate.m in Sources */,
				EA68F1F91C531B330052EB08 /* main.m in Sources */,
			);
			runOnlyForDeploymentPostprocessing = 0;
		};
		EA68F2081C531B330052EB08 /* Sources */ = {
			isa = PBXSourcesBuildPhase;
			buildActionMask = 2147483647;
			files = (
				EA68F2131C531B330052EB08 /* Xcode_testTests.m in Sources */,
			);
			runOnlyForDeploymentPostprocessing = 0;
		};
/* End PBXSourcesBuildPhase section */

/* Begin PBXTargetDependency section */
		EA68F20E1C531B330052EB08 /* PBXTargetDependency */ = {
			isa = PBXTargetDependency;
			target = EA68F1F21C531B330052EB08 /* Xcode_test */;
			targetProxy = EA68F20D1C531B330052EB08 /* PBXContainerItemProxy */;
		};
/* End PBXTargetDependency section */

/* Begin PBXVariantGroup section */
		EA68F2001C531B330052EB08 /* Main.storyboard */ = {
			isa = PBXVariantGroup;
			children = (
				EA68F2011C531B330052EB08 /* Base */,
			);
			name = Main.storyboard;
			sourceTree = "<group>";
		};
		EA68F2051C531B330052EB08 /* LaunchScreen.xib */ = {
			isa = PBXVariantGroup;
			children = (
				EA68F2061C531B330052EB08 /* Base */,
			);
			name = LaunchScreen.xib;
			sourceTree = "<group>";
		};
/* End PBXVariantGroup section */

/* Begin XCBuildConfiguration section */
		EA68F2141C531B330052EB08 /* Debug */ = {
			isa = XCBuildConfiguration;
			buildSettings = {
				ALWAYS_SEARCH_USER_PATHS = NO;
				CLANG_CXX_LANGUAGE_STANDARD = "gnu++0x";
				CLANG_CXX_LIBRARY = "libc++";
				CLANG_ENABLE_MODULES = YES;
				CLANG_ENABLE_OBJC_ARC = YES;
				CLANG_WARN_BOOL_CONVERSION = YES;
				CLANG_WARN_CONSTANT_CONVERSION = YES;
				CLANG_WARN_DIRECT_OBJC_ISA_USAGE = YES_ERROR;
				CLANG_WARN_EMPTY_BODY = YES;
				CLANG_WARN_ENUM_CONVERSION = YES;
				CLANG_WARN_INT_CONVERSION = YES;
				CLANG_WARN_OBJC_ROOT_CLASS = YES_ERROR;
				CLANG_WARN_UNREACHABLE_CODE = YES;
				CLANG_WARN__DUPLICATE_METHOD_MATCH = YES;
				"CODE_SIGN_IDENTITY[sdk=iphoneos*]" = "iPhone Developer";
				COPY_PHASE_STRIP = NO;
				DEBUG_INFORMATION_FORMAT = "dwarf-with-dsym";
				ENABLE_STRICT_OBJC_MSGSEND = YES;
				GCC_C_LANGUAGE_STANDARD = gnu99;
				GCC_DYNAMIC_NO_PIC = NO;
				GCC_NO_COMMON_BLOCKS = YES;
				GCC_OPTIMIZATION_LEVEL = 0;
				GCC_PREPROCESSOR_DEFINITIONS = (
					"DEBUG=1",
					"$(inherited)",
				);
				GCC_SYMBOLS_PRIVATE_EXTERN = NO;
				GCC_WARN_64_TO_32_BIT_CONVERSION = YES;
				GCC_WARN_ABOUT_RETURN_TYPE = YES_ERROR;
				GCC_WARN_UNDECLARED_SELECTOR = YES;
				GCC_WARN_UNINITIALIZED_AUTOS = YES_AGGRESSIVE;
				GCC_WARN_UNUSED_FUNCTION = YES;
				GCC_WARN_UNUSED_VARIABLE = YES;
				IPHONEOS_DEPLOYMENT_TARGET = 8.4;
				MTL_ENABLE_DEBUG_INFO = YES;
				ONLY_ACTIVE_ARCH = YES;
				SDKROOT = iphoneos;
			};
			name = Debug;
		};
		EA68F2151C531B330052EB08 /* Release */ = {
			isa = XCBuildConfiguration;
			buildSettings = {
				ALWAYS_SEARCH_USER_PATHS = NO;
				CLANG_CXX_LANGUAGE_STANDARD = "gnu++0x";
				CLANG_CXX_LIBRARY = "libc++";
				CLANG_ENABLE_MODULES = YES;
				CLANG_ENABLE_OBJC_ARC = YES;
				CLANG_WARN_BOOL_CONVERSION = YES;
				CLANG_WARN_CONSTANT_CONVERSION = YES;
				CLANG_WARN_DIRECT_OBJC_ISA_USAGE = YES_ERROR;
				CLANG_WARN_EMPTY_BODY = YES;
				CLANG_WARN_ENUM_CONVERSION = YES;
				CLANG_WARN_INT_CONVERSION = YES;
				CLANG_WARN_OBJC_ROOT_CLASS = YES_ERROR;
				CLANG_WARN_UNREACHABLE_CODE = YES;
				CLANG_WARN__DUPLICATE_METHOD_MATCH = YES;
				"CODE_SIGN_IDENTITY[sdk=iphoneos*]" = "iPhone Developer";
				COPY_PHASE_STRIP = NO;
				DEBUG_INFORMATION_FORMAT = "dwarf-with-dsym";
				ENABLE_NS_ASSERTIONS = NO;
				ENABLE_STRICT_OBJC_MSGSEND = YES;
				GCC_C_LANGUAGE_STANDARD = gnu99;
				GCC_NO_COMMON_BLOCKS = YES;
				GCC_WARN_64_TO_32_BIT_CONVERSION = YES;
				GCC_WARN_ABOUT_RETURN_TYPE = YES_ERROR;
				GCC_WARN_UNDECLARED_SELECTOR = YES;
				GCC_WARN_UNINITIALIZED_AUTOS = YES_AGGRESSIVE;
				GCC_WARN_UNUSED_FUNCTION = YES;
				GCC_WARN_UNUSED_VARIABLE = YES;
				IPHONEOS_DEPLOYMENT_TARGET = 8.4;
				MTL_ENABLE_DEBUG_INFO = NO;
				SDKROOT = iphoneos;
				VALIDATE_PRODUCT = YES;
			};
			name = Release;
		};
		EA68F2171C531B330052EB08 /* Debug */ = {
			isa = XCBuildConfiguration;
			buildSettings = {
				ASSETCATALOG_COMPILER_APPICON_NAME = AppIcon;
				CODE_SIGN_IDENTITY = "iPhone Developer";
				INFOPLIST_FILE = Xcode_test/Info.plist;
				LD_RUNPATH_SEARCH_PATHS = "$(inherited) @executable_path/Frameworks";
				PRODUCT_NAME = "$(TARGET_NAME)";
			};
			name = Debug;
		};
		EA68F2181C531B330052EB08 /* Release */ = {
			isa = XCBuildConfiguration;
			buildSettings = {
				ASSETCATALOG_COMPILER_APPICON_NAME = AppIcon;
				CODE_SIGN_IDENTITY = "iPhone Developer";
				INFOPLIST_FILE = Xcode_test/Info.plist;
				LD_RUNPATH_SEARCH_PATHS = "$(inherited) @executable_path/Frameworks";
				PRODUCT_NAME = "$(TARGET_NAME)";
			};
			name = Release;
		};
		EA68F21A1C531B330052EB08 /* Debug */ = {
			isa = XCBuildConfiguration;
			buildSettings = {
				BUNDLE_LOADER = "$(TEST_HOST)";
				FRAMEWORK_SEARCH_PATHS = (
					"$(SDKROOT)/Developer/Library/Frameworks",
					"$(inherited)",
				);
				GCC_PREPROCESSOR_DEFINITIONS = (
					"DEBUG=1",
					"$(inherited)",
				);
				INFOPLIST_FILE = Xcode_testTests/Info.plist;
				LD_RUNPATH_SEARCH_PATHS = "$(inherited) @executable_path/Frameworks @loader_path/Frameworks";
				PRODUCT_NAME = "$(TARGET_NAME)";
				TEST_HOST = "$(BUILT_PRODUCTS_DIR)/Xcode_test.app/Xcode_test";
			};
			name = Debug;
		};
		EA68F21B1C531B330052EB08 /* Release */ = {
			isa = XCBuildConfiguration;
			buildSettings = {
				BUNDLE_LOADER = "$(TEST_HOST)";
				FRAMEWORK_SEARCH_PATHS = (
					"$(SDKROOT)/Developer/Library/Frameworks",
					"$(inherited)",
				);
				INFOPLIST_FILE = Xcode_testTests/Info.plist;
				LD_RUNPATH_SEARCH_PATHS = "$(inherited) @executable_path/Frameworks @loader_path/Frameworks";
				PRODUCT_NAME = "$(TARGET_NAME)";
				TEST_HOST = "$(BUILT_PRODUCTS_DIR)/Xcode_test.app/Xcode_test";
			};
			name = Release;
		};
/* End XCBuildConfiguration section */

/* Begin XCConfigurationList section */
		EA68F1EE1C531B330052EB08 /* Build configuration list for PBXProject "Xcode_test" */ = {
			isa = XCConfigurationList;
			buildConfigurations = (
				EA68F2141C531B330052EB08 /* Debug */,
				EA68F2151C531B330052EB08 /* Release */,
			);
			defaultConfigurationIsVisible = 0;
			defaultConfigurationName = Release;
		};
		EA68F2161C531B330052EB08 /* Build configuration list for PBXNativeTarget "Xcode_test" */ = {
			isa = XCConfigurationList;
			buildConfigurations = (
				EA68F2171C531B330052EB08 /* Debug */,
				EA68F2181C531B330052EB08 /* Release */,
			);
			defaultConfigurationIsVisible = 0;
			defaultConfigurationName = Release;
		};
		EA68F2191C531B330052EB08 /* Build configuration list for PBXNativeTarget "Xcode_testTests" */ = {
			isa = XCConfigurationList;
			buildConfigurations = (
				EA68F21A1C531B330052EB08 /* Debug */,
				EA68F21B1C531B330052EB08 /* Release */,
			);
			defaultConfigurationIsVisible = 0;
			defaultConfigurationName = Release;
		};
/* End XCConfigurationList section */
	};
	rootObject = EA68F1EB1C531B330052EB08 /* Project object */;
}
